
Microsoft Visual Studio Solution File, Format Version 12.00
# Visual Studio Version 17
VisualStudioVersion = 17.3.32929.385
MinimumVisualStudioVersion = 10.0.40219.1
Project("{FAE04EC0-301F-11D3-BF4B-00C04F79EFBC}") = "StringLibrary", "StringLibrary\StringLibrary.csproj", "{0094B509-F38D-4291-AECD-EFE168B18296}"
EndProject
Global
	GlobalSection(SolutionConfigurationPlatforms) = preSolution
		Debug|Any CPU = Debug|Any CPU
		Release|Any CPU = Release|Any CPU
	EndGlobalSection
	GlobalSection(ProjectConfigurationPlatforms) = postSolution
		{0094B509-F38D-4291-AECD-EFE168B18296}.Debug|Any CPU.ActiveCfg = Debug|Any CPU
		{0094B509-F38D-4291-AECD-EFE168B18296}.Debug|Any CPU.Build.0 = Debug|Any CPU
		{0094B509-F38D-4291-AECD-EFE168B18296}.Release|Any CPU.ActiveCfg = Release|Any CPU
		{0094B509-F38D-4291-AECD-EFE168B18296}.Release|Any CPU.Build.0 = Release|Any CPU
	EndGlobalSection
	GlobalSection(SolutionProperties) = preSolution
		HideSolutionNode = FALSE
	EndGlobalSection
	GlobalSection(ExtensibilityGlobals) = postSolution
		SolutionGuid = {94C4A208-DBE4-4BAA-9E28-71C99B6FF28A}
	EndGlobalSection
EndGlobal
